
Microsoft Visual Studio Solution File, Format Version 12.00
# Visual Studio Version 17
VisualStudioVersion = 17.5.33530.505
MinimumVisualStudioVersion = 10.0.40219.1
Project("{FAE04EC0-301F-11D3-BF4B-00C04F79EFBC}") = "AzureFunctions", "AzureFunctions.csproj", "{640B843A-9592-404B-AEA4-F3290A693E53}"
EndProject
Global
	GlobalSection(SolutionConfigurationPlatforms) = preSolution
		Debug|Any CPU = Debug|Any CPU
		Release|Any CPU = Release|Any CPU
	EndGlobalSection
	GlobalSection(ProjectConfigurationPlatforms) = postSolution
		{640B843A-9592-404B-AEA4-F3290A693E53}.Debug|Any CPU.ActiveCfg = Debug|Any CPU
		{640B843A-9592-404B-AEA4-F3290A693E53}.Debug|Any CPU.Build.0 = Debug|Any CPU
		{640B843A-9592-404B-AEA4-F3290A693E53}.Release|Any CPU.ActiveCfg = Release|Any CPU
		{640B843A-9592-404B-AEA4-F3290A693E53}.Release|Any CPU.Build.0 = Release|Any CPU
	EndGlobalSection
	GlobalSection(SolutionProperties) = preSolution
		HideSolutionNode = FALSE
	EndGlobalSection
	GlobalSection(ExtensibilityGlobals) = postSolution
		SolutionGuid = {44CB4BBA-5CA2-473E-A34C-F89BB926E442}
	EndGlobalSection
EndGlobal
